
Microsoft Visual Studio Solution File, Format Version 12.00
Project("{FAE04EC0-301F-11D3-BF4B-00C04F79EFBC}") = "AwsSecretReader", "AwsSecretReader\AwsSecretReader.csproj", "{4513CAE9-A18F-4C51-BE9B-739FEB46B9ED}"
EndProject
Project("{2150E333-8FDC-42A3-9474-1A3956D46DE8}") = "SolutionItems", "SolutionItems", "{86AEB82D-710A-4C82-8125-02548EF69F4B}"
ProjectSection(SolutionItems) = preProject
	.circleci\config.yml = .circleci\config.yml
	.gitignore = .gitignore
EndProjectSection
EndProject
Project("{FAE04EC0-301F-11D3-BF4B-00C04F79EFBC}") = "SecretReaderTests", "SecretReaderTests\SecretReaderTests.csproj", "{45862748-1580-4744-830E-CAD5CBFC5F6E}"
EndProject
Project("{FAE04EC0-301F-11D3-BF4B-00C04F79EFBC}") = "SsmIntegrationTest", "SsmIntegrationTest\SsmIntegrationTest.csproj", "{37F5267A-75EB-4BBB-9DC3-22F52553C29B}"
EndProject
Global
	GlobalSection(SolutionConfigurationPlatforms) = preSolution
		Debug|Any CPU = Debug|Any CPU
		Release|Any CPU = Release|Any CPU
	EndGlobalSection
	GlobalSection(ProjectConfigurationPlatforms) = postSolution
		{4513CAE9-A18F-4C51-BE9B-739FEB46B9ED}.Debug|Any CPU.ActiveCfg = Debug|Any CPU
		{4513CAE9-A18F-4C51-BE9B-739FEB46B9ED}.Debug|Any CPU.Build.0 = Debug|Any CPU
		{4513CAE9-A18F-4C51-BE9B-739FEB46B9ED}.Release|Any CPU.ActiveCfg = Release|Any CPU
		{4513CAE9-A18F-4C51-BE9B-739FEB46B9ED}.Release|Any CPU.Build.0 = Release|Any CPU
		{45862748-1580-4744-830E-CAD5CBFC5F6E}.Debug|Any CPU.ActiveCfg = Debug|Any CPU
		{45862748-1580-4744-830E-CAD5CBFC5F6E}.Debug|Any CPU.Build.0 = Debug|Any CPU
		{45862748-1580-4744-830E-CAD5CBFC5F6E}.Release|Any CPU.ActiveCfg = Release|Any CPU
		{45862748-1580-4744-830E-CAD5CBFC5F6E}.Release|Any CPU.Build.0 = Release|Any CPU
		{37F5267A-75EB-4BBB-9DC3-22F52553C29B}.Debug|Any CPU.ActiveCfg = Debug|Any CPU
		{37F5267A-75EB-4BBB-9DC3-22F52553C29B}.Debug|Any CPU.Build.0 = Debug|Any CPU
		{37F5267A-75EB-4BBB-9DC3-22F52553C29B}.Release|Any CPU.ActiveCfg = Release|Any CPU
		{37F5267A-75EB-4BBB-9DC3-22F52553C29B}.Release|Any CPU.Build.0 = Release|Any CPU
	EndGlobalSection
EndGlobal
